
Microsoft Visual Studio Solution File, Format Version 12.00
# Visual Studio Express 14 for Windows Desktop
VisualStudioVersion = 14.0.25420.1
MinimumVisualStudioVersion = 10.0.40219.1
Project("{FAE04EC0-301F-11D3-BF4B-00C04F79EFBC}") = "GCS.Automation.Core", "GCS.Automation.Core\GCS.Automation.Core.csproj", "{31CF6F93-2BCF-45DF-A49B-50ABF11487B7}"
EndProject
Project("{FAE04EC0-301F-11D3-BF4B-00C04F79EFBC}") = "GCS.Automation.CSCADA", "GCS.Automation.CSCADA\GCS.Automation.CSCADA.csproj", "{D3C2C7E9-2980-4280-927B-B707D8898FAA}"
EndProject
Project("{FAE04EC0-301F-11D3-BF4B-00C04F79EFBC}") = "GCS.Automation.e2studio", "GCS.Automation.e2studio\GCS.Automation.e2studio.csproj", "{3821C090-F096-4600-B0EC-1B4B91F95FF1}"
EndProject
Global
	GlobalSection(SolutionConfigurationPlatforms) = preSolution
		Debug|Any CPU = Debug|Any CPU
		Release|Any CPU = Release|Any CPU
	EndGlobalSection
	GlobalSection(ProjectConfigurationPlatforms) = postSolution
		{31CF6F93-2BCF-45DF-A49B-50ABF11487B7}.Debug|Any CPU.ActiveCfg = Debug|Any CPU
		{31CF6F93-2BCF-45DF-A49B-50ABF11487B7}.Debug|Any CPU.Build.0 = Debug|Any CPU
		{31CF6F93-2BCF-45DF-A49B-50ABF11487B7}.Release|Any CPU.ActiveCfg = Release|Any CPU
		{31CF6F93-2BCF-45DF-A49B-50ABF11487B7}.Release|Any CPU.Build.0 = Release|Any CPU
		{D3C2C7E9-2980-4280-927B-B707D8898FAA}.Debug|Any CPU.ActiveCfg = Debug|Any CPU
		{D3C2C7E9-2980-4280-927B-B707D8898FAA}.Debug|Any CPU.Build.0 = Debug|Any CPU
		{D3C2C7E9-2980-4280-927B-B707D8898FAA}.Release|Any CPU.ActiveCfg = Release|Any CPU
		{D3C2C7E9-2980-4280-927B-B707D8898FAA}.Release|Any CPU.Build.0 = Release|Any CPU
		{3821C090-F096-4600-B0EC-1B4B91F95FF1}.Debug|Any CPU.ActiveCfg = Debug|Any CPU
		{3821C090-F096-4600-B0EC-1B4B91F95FF1}.Debug|Any CPU.Build.0 = Debug|Any CPU
		{3821C090-F096-4600-B0EC-1B4B91F95FF1}.Release|Any CPU.ActiveCfg = Release|Any CPU
		{3821C090-F096-4600-B0EC-1B4B91F95FF1}.Release|Any CPU.Build.0 = Release|Any CPU
	EndGlobalSection
	GlobalSection(SolutionProperties) = preSolution
		HideSolutionNode = FALSE
	EndGlobalSection
EndGlobal
